// !$*UTF8*$!
{
	archiveVersion = 1;
	classes = {
	};
	objectVersion = 77;
	objects = {

/* Begin PBXBuildFile section */
		9218464B2EA1705F000B4B32 /* Kingfisher in Frameworks */ = {isa = PBXBuildFile; productRef = 9218464A2EA1705F000B4B32 /* Kingfisher */; };
		92AB5A062E8F15870026753E /* FirebaseAuth in Frameworks */ = {isa = PBXBuildFile; productRef = 92AB5A052E8F15870026753E /* FirebaseAuth */; };
		92AB5A082E8F15870026753E /* FirebaseFirestore in Frameworks */ = {isa = PBXBuildFile; productRef = 92AB5A072E8F15870026753E /* FirebaseFirestore */; };
		92AB5A0A2E8F15870026753E /* FirebaseStorage in Frameworks */ = {isa = PBXBuildFile; productRef = 92AB5A092E8F15870026753E /* FirebaseStorage */; };
		92AB5A0C2E8F15870026753E /* FirebaseStorageCombine-Community in Frameworks */ = {isa = PBXBuildFile; productRef = 92AB5A0B2E8F15870026753E /* FirebaseStorageCombine-Community */; };
/* End PBXBuildFile section */

/* Begin PBXContainerItemProxy section */
		92BD25022E842B7B00E0D6B6 /* PBXContainerItemProxy */ = {
			isa = PBXContainerItemProxy;
			containerPortal = 92BD24E92E842B7A00E0D6B6 /* Project object */;
			proxyType = 1;
			remoteGlobalIDString = 92BD24F02E842B7A00E0D6B6;
			remoteInfo = InstagramProject;
		};
		92BD250C2E842B7B00E0D6B6 /* PBXContainerItemProxy */ = {
			isa = PBXContainerItemProxy;
			containerPortal = 92BD24E92E842B7A00E0D6B6 /* Project object */;
			proxyType = 1;
			remoteGlobalIDString = 92BD24F02E842B7A00E0D6B6;
			remoteInfo = InstagramProject;
		};
/* End PBXContainerItemProxy section */

/* Begin PBXFileReference section */
		92BD24F12E842B7A00E0D6B6 /* InstagramProject.app */ = {isa = PBXFileReference; explicitFileType = wrapper.application; includeInIndex = 0; path = InstagramProject.app; sourceTree = BUILT_PRODUCTS_DIR; };
		92BD25012E842B7B00E0D6B6 /* InstagramProjectTests.xctest */ = {isa = PBXFileReference; explicitFileType = wrapper.cfbundle; includeInIndex = 0; path = InstagramProjectTests.xctest; sourceTree = BUILT_PRODUCTS_DIR; };
		92BD250B2E842B7B00E0D6B6 /* InstagramProjectUITests.xctest */ = {isa = PBXFileReference; explicitFileType = wrapper.cfbundle; includeInIndex = 0; path = InstagramProjectUITests.xctest; sourceTree = BUILT_PRODUCTS_DIR; };
/* End PBXFileReference section */

/* Begin PBXFileSystemSynchronizedBuildFileExceptionSet section */
		92AB5A022E8F14EC0026753E /* Exceptions for "InstagramProject" folder in "InstagramProjectTests" target */ = {
			isa = PBXFileSystemSynchronizedBuildFileExceptionSet;
			membershipExceptions = (
				"GoogleService-Info.plist",
			);
			target = 92BD25002E842B7B00E0D6B6 /* InstagramProjectTests */;
		};
		92AB5A032E8F14EC0026753E /* Exceptions for "InstagramProject" folder in "InstagramProjectUITests" target */ = {
			isa = PBXFileSystemSynchronizedBuildFileExceptionSet;
			membershipExceptions = (
				"GoogleService-Info.plist",
			);
			target = 92BD250A2E842B7B00E0D6B6 /* InstagramProjectUITests */;
		};
/* End PBXFileSystemSynchronizedBuildFileExceptionSet section */

/* Begin PBXFileSystemSynchronizedRootGroup section */
		92BD24F32E842B7A00E0D6B6 /* InstagramProject */ = {
			isa = PBXFileSystemSynchronizedRootGroup;
			exceptions = (
				92AB5A022E8F14EC0026753E /* Exceptions for "InstagramProject" folder in "InstagramProjectTests" target */,
				92AB5A032E8F14EC0026753E /* Exceptions for "InstagramProject" folder in "InstagramProjectUITests" target */,
			);
			path = InstagramProject;
			sourceTree = "<group>";
		};
		92BD25042E842B7B00E0D6B6 /* InstagramProjectTests */ = {
			isa = PBXFileSystemSynchronizedRootGroup;
			path = InstagramProjectTests;
			sourceTree = "<group>";
		};
		92BD250E2E842B7B00E0D6B6 /* InstagramProjectUITests */ = {
			isa = PBXFileSystemSynchronizedRootGroup;
			path = InstagramProjectUITests;
			sourceTree = "<group>";
		};
/* End PBXFileSystemSynchronizedRootGroup section */

/* Begin PBXFrameworksBuildPhase section */
		92BD24EE2E842B7A00E0D6B6 /* Frameworks */ = {
			isa = PBXFrameworksBuildPhase;
			buildActionMask = 2147483647;
			files = (
				92AB5A062E8F15870026753E /* FirebaseAuth in Frameworks */,
				92AB5A082E8F15870026753E /* FirebaseFirestore in Frameworks */,
				92AB5A0C2E8F15870026753E /* FirebaseStorageCombine-Community in Frameworks */,
				92AB5A0A2E8F15870026753E /* FirebaseStorage in Frameworks */,
				9218464B2EA1705F000B4B32 /* Kingfisher in Frameworks */,
			);
			runOnlyForDeploymentPostprocessing = 0;
		};
		92BD24FE2E842B7B00E0D6B6 /* Frameworks */ = {
			isa = PBXFrameworksBuildPhase;
			buildActionMask = 2147483647;
			files = (
			);
			runOnlyForDeploymentPostprocessing = 0;
		};
		92BD25082E842B7B00E0D6B6 /* Frameworks */ = {
			isa = PBXFrameworksBuildPhase;
			buildActionMask = 2147483647;
			files = (
			);
			runOnlyForDeploymentPostprocessing = 0;
		};
/* End PBXFrameworksBuildPhase section */

/* Begin PBXGroup section */
		92BD24E82E842B7A00E0D6B6 = {
			isa = PBXGroup;
			children = (
				92BD24F32E842B7A00E0D6B6 /* InstagramProject */,
				92BD25042E842B7B00E0D6B6 /* InstagramProjectTests */,
				92BD250E2E842B7B00E0D6B6 /* InstagramProjectUITests */,
				92BD24F22E842B7A00E0D6B6 /* Products */,
			);
			sourceTree = "<group>";
		};
		92BD24F22E842B7A00E0D6B6 /* Products */ = {
			isa = PBXGroup;
			children = (
				92BD24F12E842B7A00E0D6B6 /* InstagramProject.app */,
				92BD25012E842B7B00E0D6B6 /* InstagramProjectTests.xctest */,
				92BD250B2E842B7B00E0D6B6 /* InstagramProjectUITests.xctest */,
			);
			name = Products;
			sourceTree = "<group>";
		};
/* End PBXGroup section */

/* Begin PBXNativeTarget section */
		92BD24F02E842B7A00E0D6B6 /* InstagramProject */ = {
			isa = PBXNativeTarget;
			buildConfigurationList = 92BD25152E842B7B00E0D6B6 /* Build configuration list for PBXNativeTarget "InstagramProject" */;
			buildPhases = (
				92BD24ED2E842B7A00E0D6B6 /* Sources */,
				92BD24EE2E842B7A00E0D6B6 /* Frameworks */,
				92BD24EF2E842B7A00E0D6B6 /* Resources */,
			);
			buildRules = (
			);
			dependencies = (
			);
			fileSystemSynchronizedGroups = (
				92BD24F32E842B7A00E0D6B6 /* InstagramProject */,
			);
			name = InstagramProject;
			packageProductDependencies = (
				92AB5A052E8F15870026753E /* FirebaseAuth */,
				92AB5A072E8F15870026753E /* FirebaseFirestore */,
				92AB5A092E8F15870026753E /* FirebaseStorage */,
				92AB5A0B2E8F15870026753E /* FirebaseStorageCombine-Community */,
				9218464A2EA1705F000B4B32 /* Kingfisher */,
			);
			productName = InstagramProject;
			productReference = 92BD24F12E842B7A00E0D6B6 /* InstagramProject.app */;
			productType = "com.apple.product-type.application";
		};
		92BD25002E842B7B00E0D6B6 /* InstagramProjectTests */ = {
			isa = PBXNativeTarget;
			buildConfigurationList = 92BD25182E842B7B00E0D6B6 /* Build configuration list for PBXNativeTarget "InstagramProjectTests" */;
			buildPhases = (
				92BD24FD2E842B7B00E0D6B6 /* Sources */,
				92BD24FE2E842B7B00E0D6B6 /* Frameworks */,
				92BD24FF2E842B7B00E0D6B6 /* Resources */,
			);
			buildRules = (
			);
			dependencies = (
				92BD25032E842B7B00E0D6B6 /* PBXTargetDependency */,
			);
			fileSystemSynchronizedGroups = (
				92BD25042E842B7B00E0D6B6 /* InstagramProjectTests */,
			);
			name = InstagramProjectTests;
			packageProductDependencies = (
			);
			productName = InstagramProjectTests;
			productReference = 92BD25012E842B7B00E0D6B6 /* InstagramProjectTests.xctest */;
			productType = "com.apple.product-type.bundle.unit-test";
		};
		92BD250A2E842B7B00E0D6B6 /* InstagramProjectUITests */ = {
			isa = PBXNativeTarget;
			buildConfigurationList = 92BD251B2E842B7B00E0D6B6 /* Build configuration list for PBXNativeTarget "InstagramProjectUITests" */;
			buildPhases = (
				92BD25072E842B7B00E0D6B6 /* Sources */,
				92BD25082E842B7B00E0D6B6 /* Frameworks */,
				92BD25092E842B7B00E0D6B6 /* Resources */,
			);
			buildRules = (
			);
			dependencies = (
				92BD250D2E842B7B00E0D6B6 /* PBXTargetDependency */,
			);
			fileSystemSynchronizedGroups = (
				92BD250E2E842B7B00E0D6B6 /* InstagramProjectUITests */,
			);
			name = InstagramProjectUITests;
			packageProductDependencies = (
			);
			productName = InstagramProjectUITests;
			productReference = 92BD250B2E842B7B00E0D6B6 /* InstagramProjectUITests.xctest */;
			productType = "com.apple.product-type.bundle.ui-testing";
		};
/* End PBXNativeTarget section */

/* Begin PBXProject section */
		92BD24E92E842B7A00E0D6B6 /* Project object */ = {
			isa = PBXProject;
			attributes = {
				BuildIndependentTargetsInParallel = 1;
				LastSwiftUpdateCheck = 1620;
				LastUpgradeCheck = 1620;
				TargetAttributes = {
					92BD24F02E842B7A00E0D6B6 = {
						CreatedOnToolsVersion = 16.2;
					};
					92BD25002E842B7B00E0D6B6 = {
						CreatedOnToolsVersion = 16.2;
						TestTargetID = 92BD24F02E842B7A00E0D6B6;
					};
					92BD250A2E842B7B00E0D6B6 = {
						CreatedOnToolsVersion = 16.2;
						TestTargetID = 92BD24F02E842B7A00E0D6B6;
					};
				};
			};
			buildConfigurationList = 92BD24EC2E842B7A00E0D6B6 /* Build configuration list for PBXProject "InstagramProject" */;
			developmentRegion = en;
			hasScannedForEncodings = 0;
			knownRegions = (
				en,
				Base,
			);
			mainGroup = 92BD24E82E842B7A00E0D6B6;
			minimizedProjectReferenceProxies = 1;
			packageReferences = (
				92AB5A042E8F155E0026753E /* XCRemoteSwiftPackageReference "firebase-ios-sdk" */,
				921846452EA16E6C000B4B32 /* XCRemoteSwiftPackageReference "Kingfisher" */,
			);
			preferredProjectObjectVersion = 77;
			productRefGroup = 92BD24F22E842B7A00E0D6B6 /* Products */;
			projectDirPath = "";
			projectRoot = "";
			targets = (
				92BD24F02E842B7A00E0D6B6 /* InstagramProject */,
				92BD25002E842B7B00E0D6B6 /* InstagramProjectTests */,
				92BD250A2E842B7B00E0D6B6 /* InstagramProjectUITests */,
			);
		};
/* End PBXProject section */

/* Begin PBXResourcesBuildPhase section */
		92BD24EF2E842B7A00E0D6B6 /* Resources */ = {
			isa = PBXResourcesBuildPhase;
			buildActionMask = 2147483647;
			files = (
			);
			runOnlyForDeploymentPostprocessing = 0;
		};
		92BD24FF2E842B7B00E0D6B6 /* Resources */ = {
			isa = PBXResourcesBuildPhase;
			buildActionMask = 2147483647;
			files = (
			);
			runOnlyForDeploymentPostprocessing = 0;
		};
		92BD25092E842B7B00E0D6B6 /* Resources */ = {
			isa = PBXResourcesBuildPhase;
			buildActionMask = 2147483647;
			files = (
			);
			runOnlyForDeploymentPostprocessing = 0;
		};
/* End PBXResourcesBuildPhase section */

/* Begin PBXSourcesBuildPhase section */
		92BD24ED2E842B7A00E0D6B6 /* Sources */ = {
			isa = PBXSourcesBuildPhase;
			buildActionMask = 2147483647;
			files = (
			);
			runOnlyForDeploymentPostprocessing = 0;
		};
		92BD24FD2E842B7B00E0D6B6 /* Sources */ = {
			isa = PBXSourcesBuildPhase;
			buildActionMask = 2147483647;
			files = (
			);
			runOnlyForDeploymentPostprocessing = 0;
		};
		92BD25072E842B7B00E0D6B6 /* Sources */ = {
			isa = PBXSourcesBuildPhase;
			buildActionMask = 2147483647;
			files = (
			);
			runOnlyForDeploymentPostprocessing = 0;
		};
/* End PBXSourcesBuildPhase section */

/* Begin PBXTargetDependency section */
		92BD25032E842B7B00E0D6B6 /* PBXTargetDependency */ = {
			isa = PBXTargetDependency;
			target = 92BD24F02E842B7A00E0D6B6 /* InstagramProject */;
			targetProxy = 92BD25022E842B7B00E0D6B6 /* PBXContainerItemProxy */;
		};
		92BD250D2E842B7B00E0D6B6 /* PBXTargetDependency */ = {
			isa = PBXTargetDependency;
			target = 92BD24F02E842B7A00E0D6B6 /* InstagramProject */;
			targetProxy = 92BD250C2E842B7B00E0D6B6 /* PBXContainerItemProxy */;
		};
/* End PBXTargetDependency section */

/* Begin XCBuildConfiguration section */
		92BD25132E842B7B00E0D6B6 /* Debug */ = {
			isa = XCBuildConfiguration;
			buildSettings = {
				ALWAYS_SEARCH_USER_PATHS = NO;
				ASSETCATALOG_COMPILER_GENERATE_SWIFT_ASSET_SYMBOL_EXTENSIONS = YES;
				CLANG_ANALYZER_NONNULL = YES;
				CLANG_ANALYZER_NUMBER_OBJECT_CONVERSION = YES_AGGRESSIVE;
				CLANG_CXX_LANGUAGE_STANDARD = "gnu++20";
				CLANG_ENABLE_MODULES = YES;
				CLANG_ENABLE_OBJC_ARC = YES;
				CLANG_ENABLE_OBJC_WEAK = YES;
				CLANG_WARN_BLOCK_CAPTURE_AUTORELEASING = YES;
				CLANG_WARN_BOOL_CONVERSION = YES;
				CLANG_WARN_COMMA = YES;
				CLANG_WARN_CONSTANT_CONVERSION = YES;
				CLANG_WARN_DEPRECATED_OBJC_IMPLEMENTATIONS = YES;
				CLANG_WARN_DIRECT_OBJC_ISA_USAGE = YES_ERROR;
				CLANG_WARN_DOCUMENTATION_COMMENTS = YES;
				CLANG_WARN_EMPTY_BODY = YES;
				CLANG_WARN_ENUM_CONVERSION = YES;
				CLANG_WARN_INFINITE_RECURSION = YES;
				CLANG_WARN_INT_CONVERSION = YES;
				CLANG_WARN_NON_LITERAL_NULL_CONVERSION = YES;
				CLANG_WARN_OBJC_IMPLICIT_RETAIN_SELF = YES;
				CLANG_WARN_OBJC_LITERAL_CONVERSION = YES;
				CLANG_WARN_OBJC_ROOT_CLASS = YES_ERROR;
				CLANG_WARN_QUOTED_INCLUDE_IN_FRAMEWORK_HEADER = YES;
				CLANG_WARN_RANGE_LOOP_ANALYSIS = YES;
				CLANG_WARN_STRICT_PROTOTYPES = YES;
				CLANG_WARN_SUSPICIOUS_MOVE = YES;
				CLANG_WARN_UNGUARDED_AVAILABILITY = YES_AGGRESSIVE;
				CLANG_WARN_UNREACHABLE_CODE = YES;
				CLANG_WARN__DUPLICATE_METHOD_MATCH = YES;
				COPY_PHASE_STRIP = NO;
				DEBUG_INFORMATION_FORMAT = dwarf;
				ENABLE_STRICT_OBJC_MSGSEND = YES;
				ENABLE_TESTABILITY = YES;
				ENABLE_USER_SCRIPT_SANDBOXING = YES;
				GCC_C_LANGUAGE_STANDARD = gnu17;
				GCC_DYNAMIC_NO_PIC = NO;
				GCC_NO_COMMON_BLOCKS = YES;
				GCC_OPTIMIZATION_LEVEL = 0;
				GCC_PREPROCESSOR_DEFINITIONS = (
					"DEBUG=1",
					"$(inherited)",
				);
				GCC_WARN_64_TO_32_BIT_CONVERSION = YES;
				GCC_WARN_ABOUT_RETURN_TYPE = YES_ERROR;
				GCC_WARN_UNDECLARED_SELECTOR = YES;
				GCC_WARN_UNINITIALIZED_AUTOS = YES_AGGRESSIVE;
				GCC_WARN_UNUSED_FUNCTION = YES;
				GCC_WARN_UNUSED_VARIABLE = YES;
				IPHONEOS_DEPLOYMENT_TARGET = 18.2;
				LOCALIZATION_PREFERS_STRING_CATALOGS = YES;
				MTL_ENABLE_DEBUG_INFO = INCLUDE_SOURCE;
				MTL_FAST_MATH = YES;
				ONLY_ACTIVE_ARCH = YES;
				SDKROOT = iphoneos;
				SWIFT_ACTIVE_COMPILATION_CONDITIONS = "DEBUG $(inherited)";
				SWIFT_OPTIMIZATION_LEVEL = "-Onone";
			};
			name = Debug;
		};
		92BD25142E842B7B00E0D6B6 /* Release */ = {
			isa = XCBuildConfiguration;
			buildSettings = {
				ALWAYS_SEARCH_USER_PATHS = NO;
				ASSETCATALOG_COMPILER_GENERATE_SWIFT_ASSET_SYMBOL_EXTENSIONS = YES;
				CLANG_ANALYZER_NONNULL = YES;
				CLANG_ANALYZER_NUMBER_OBJECT_CONVERSION = YES_AGGRESSIVE;
				CLANG_CXX_LANGUAGE_STANDARD = "gnu++20";
				CLANG_ENABLE_MODULES = YES;
				CLANG_ENABLE_OBJC_ARC = YES;
				CLANG_ENABLE_OBJC_WEAK = YES;
				CLANG_WARN_BLOCK_CAPTURE_AUTORELEASING = YES;
				CLANG_WARN_BOOL_CONVERSION = YES;
				CLANG_WARN_COMMA = YES;
				CLANG_WARN_CONSTANT_CONVERSION = YES;
				CLANG_WARN_DEPRECATED_OBJC_IMPLEMENTATIONS = YES;
				CLANG_WARN_DIRECT_OBJC_ISA_USAGE = YES_ERROR;
				CLANG_WARN_DOCUMENTATION_COMMENTS = YES;
				CLANG_WARN_EMPTY_BODY = YES;
				CLANG_WARN_ENUM_CONVERSION = YES;
				CLANG_WARN_INFINITE_RECURSION = YES;
				CLANG_WARN_INT_CONVERSION = YES;
				CLANG_WARN_NON_LITERAL_NULL_CONVERSION = YES;
				CLANG_WARN_OBJC_IMPLICIT_RETAIN_SELF = YES;
				CLANG_WARN_OBJC_LITERAL_CONVERSION = YES;
				CLANG_WARN_OBJC_ROOT_CLASS = YES_ERROR;
				CLANG_WARN_QUOTED_INCLUDE_IN_FRAMEWORK_HEADER = YES;
				CLANG_WARN_RANGE_LOOP_ANALYSIS = YES;
				CLANG_WARN_STRICT_PROTOTYPES = YES;
				CLANG_WARN_SUSPICIOUS_MOVE = YES;
				CLANG_WARN_UNGUARDED_AVAILABILITY = YES_AGGRESSIVE;
				CLANG_WARN_UNREACHABLE_CODE = YES;
				CLANG_WARN__DUPLICATE_METHOD_MATCH = YES;
				COPY_PHASE_STRIP = NO;
				DEBUG_INFORMATION_FORMAT = "dwarf-with-dsym";
				ENABLE_NS_ASSERTIONS = NO;
				ENABLE_STRICT_OBJC_MSGSEND = YES;
				ENABLE_USER_SCRIPT_SANDBOXING = YES;
				GCC_C_LANGUAGE_STANDARD = gnu17;
				GCC_NO_COMMON_BLOCKS = YES;
				GCC_WARN_64_TO_32_BIT_CONVERSION = YES;
				GCC_WARN_ABOUT_RETURN_TYPE = YES_ERROR;
				GCC_WARN_UNDECLARED_SELECTOR = YES;
				GCC_WARN_UNINITIALIZED_AUTOS = YES_AGGRESSIVE;
				GCC_WARN_UNUSED_FUNCTION = YES;
				GCC_WARN_UNUSED_VARIABLE = YES;
				IPHONEOS_DEPLOYMENT_TARGET = 18.2;
				LOCALIZATION_PREFERS_STRING_CATALOGS = YES;
				MTL_ENABLE_DEBUG_INFO = NO;
				MTL_FAST_MATH = YES;
				SDKROOT = iphoneos;
				SWIFT_COMPILATION_MODE = wholemodule;
				VALIDATE_PRODUCT = YES;
			};
			name = Release;
		};
		92BD25162E842B7B00E0D6B6 /* Debug */ = {
			isa = XCBuildConfiguration;
			buildSettings = {
				ASSETCATALOG_COMPILER_APPICON_NAME = AppIcon;
				ASSETCATALOG_COMPILER_GLOBAL_ACCENT_COLOR_NAME = AccentColor;
				CODE_SIGN_STYLE = Automatic;
				CURRENT_PROJECT_VERSION = 1;
				DEVELOPMENT_ASSET_PATHS = "\"InstagramProject/Preview Content\"";
				ENABLE_PREVIEWS = YES;
				GENERATE_INFOPLIST_FILE = YES;
				INFOPLIST_KEY_UIApplicationSceneManifest_Generation = YES;
				INFOPLIST_KEY_UIApplicationSupportsIndirectInputEvents = YES;
				INFOPLIST_KEY_UILaunchScreen_Generation = YES;
				INFOPLIST_KEY_UISupportedInterfaceOrientations_iPad = "UIInterfaceOrientationPortrait UIInterfaceOrientationPortraitUpsideDown UIInterfaceOrientationLandscapeLeft UIInterfaceOrientationLandscapeRight";
				INFOPLIST_KEY_UISupportedInterfaceOrientations_iPhone = "UIInterfaceOrientationPortrait UIInterfaceOrientationLandscapeLeft UIInterfaceOrientationLandscapeRight";
				LD_RUNPATH_SEARCH_PATHS = (
					"$(inherited)",
					"@executable_path/Frameworks",
				);
				MARKETING_VERSION = 1.0;
				PRODUCT_BUNDLE_IDENTIFIER = ROMA.InstagramProject;
				PRODUCT_NAME = "$(TARGET_NAME)";
				SWIFT_EMIT_LOC_STRINGS = YES;
				SWIFT_VERSION = 5.0;
				TARGETED_DEVICE_FAMILY = "1,2";
			};
			name = Debug;
		};
		92BD25172E842B7B00E0D6B6 /* Release */ = {
			isa = XCBuildConfiguration;
			buildSettings = {
				ASSETCATALOG_COMPILER_APPICON_NAME = AppIcon;
				ASSETCATALOG_COMPILER_GLOBAL_ACCENT_COLOR_NAME = AccentColor;
				CODE_SIGN_STYLE = Automatic;
				CURRENT_PROJECT_VERSION = 1;
				DEVELOPMENT_ASSET_PATHS = "\"InstagramProject/Preview Content\"";
				ENABLE_PREVIEWS = YES;
				GENERATE_INFOPLIST_FILE = YES;
				INFOPLIST_KEY_UIApplicationSceneManifest_Generation = YES;
				INFOPLIST_KEY_UIApplicationSupportsIndirectInputEvents = YES;
				INFOPLIST_KEY_UILaunchScreen_Generation = YES;
				INFOPLIST_KEY_UISupportedInterfaceOrientations_iPad = "UIInterfaceOrientationPortrait UIInterfaceOrientationPortraitUpsideDown UIInterfaceOrientationLandscapeLeft UIInterfaceOrientationLandscapeRight";
				INFOPLIST_KEY_UISupportedInterfaceOrientations_iPhone = "UIInterfaceOrientationPortrait UIInterfaceOrientationLandscapeLeft UIInterfaceOrientationLandscapeRight";
				LD_RUNPATH_SEARCH_PATHS = (
					"$(inherited)",
					"@executable_path/Frameworks",
				);
				MARKETING_VERSION = 1.0;
				PRODUCT_BUNDLE_IDENTIFIER = ROMA.InstagramProject;
				PRODUCT_NAME = "$(TARGET_NAME)";
				SWIFT_EMIT_LOC_STRINGS = YES;
				SWIFT_VERSION = 5.0;
				TARGETED_DEVICE_FAMILY = "1,2";
			};
			name = Release;
		};
		92BD25192E842B7B00E0D6B6 /* Debug */ = {
			isa = XCBuildConfiguration;
			buildSettings = {
				BUNDLE_LOADER = "$(TEST_HOST)";
				CODE_SIGN_STYLE = Automatic;
				CURRENT_PROJECT_VERSION = 1;
				GENERATE_INFOPLIST_FILE = YES;
				IPHONEOS_DEPLOYMENT_TARGET = 18.2;
				MARKETING_VERSION = 1.0;
				PRODUCT_BUNDLE_IDENTIFIER = ROMA.InstagramProjectTests;
				PRODUCT_NAME = "$(TARGET_NAME)";
				SWIFT_EMIT_LOC_STRINGS = NO;
				SWIFT_VERSION = 5.0;
				TARGETED_DEVICE_FAMILY = "1,2";
				TEST_HOST = "$(BUILT_PRODUCTS_DIR)/InstagramProject.app/$(BUNDLE_EXECUTABLE_FOLDER_PATH)/InstagramProject";
			};
			name = Debug;
		};
		92BD251A2E842B7B00E0D6B6 /* Release */ = {
			isa = XCBuildConfiguration;
			buildSettings = {
				BUNDLE_LOADER = "$(TEST_HOST)";
				CODE_SIGN_STYLE = Automatic;
				CURRENT_PROJECT_VERSION = 1;
				GENERATE_INFOPLIST_FILE = YES;
				IPHONEOS_DEPLOYMENT_TARGET = 18.2;
				MARKETING_VERSION = 1.0;
				PRODUCT_BUNDLE_IDENTIFIER = ROMA.InstagramProjectTests;
				PRODUCT_NAME = "$(TARGET_NAME)";
				SWIFT_EMIT_LOC_STRINGS = NO;
				SWIFT_VERSION = 5.0;
				TARGETED_DEVICE_FAMILY = "1,2";
				TEST_HOST = "$(BUILT_PRODUCTS_DIR)/InstagramProject.app/$(BUNDLE_EXECUTABLE_FOLDER_PATH)/InstagramProject";
			};
			name = Release;
		};
		92BD251C2E842B7B00E0D6B6 /* Debug */ = {
			isa = XCBuildConfiguration;
			buildSettings = {
				CODE_SIGN_STYLE = Automatic;
				CURRENT_PROJECT_VERSION = 1;
				GENERATE_INFOPLIST_FILE = YES;
				MARKETING_VERSION = 1.0;
				PRODUCT_BUNDLE_IDENTIFIER = ROMA.InstagramProjectUITests;
				PRODUCT_NAME = "$(TARGET_NAME)";
				SWIFT_EMIT_LOC_STRINGS = NO;
				SWIFT_VERSION = 5.0;
				TARGETED_DEVICE_FAMILY = "1,2";
				TEST_TARGET_NAME = InstagramProject;
			};
			name = Debug;
		};
		92BD251D2E842B7B00E0D6B6 /* Release */ = {
			isa = XCBuildConfiguration;
			buildSettings = {
				CODE_SIGN_STYLE = Automatic;
				CURRENT_PROJECT_VERSION = 1;
				GENERATE_INFOPLIST_FILE = YES;
				MARKETING_VERSION = 1.0;
				PRODUCT_BUNDLE_IDENTIFIER = ROMA.InstagramProjectUITests;
				PRODUCT_NAME = "$(TARGET_NAME)";
				SWIFT_EMIT_LOC_STRINGS = NO;
				SWIFT_VERSION = 5.0;
				TARGETED_DEVICE_FAMILY = "1,2";
				TEST_TARGET_NAME = InstagramProject;
			};
			name = Release;
		};
/* End XCBuildConfiguration section */

/* Begin XCConfigurationList section */
		92BD24EC2E842B7A00E0D6B6 /* Build configuration list for PBXProject "InstagramProject" */ = {
			isa = XCConfigurationList;
			buildConfigurations = (
				92BD25132E842B7B00E0D6B6 /* Debug */,
				92BD25142E842B7B00E0D6B6 /* Release */,
			);
			defaultConfigurationIsVisible = 0;
			defaultConfigurationName = Release;
		};
		92BD25152E842B7B00E0D6B6 /* Build configuration list for PBXNativeTarget "InstagramProject" */ = {
			isa = XCConfigurationList;
			buildConfigurations = (
				92BD25162E842B7B00E0D6B6 /* Debug */,
				92BD25172E842B7B00E0D6B6 /* Release */,
			);
			defaultConfigurationIsVisible = 0;
			defaultConfigurationName = Release;
		};
		92BD25182E842B7B00E0D6B6 /* Build configuration list for PBXNativeTarget "InstagramProjectTests" */ = {
			isa = XCConfigurationList;
			buildConfigurations = (
				92BD25192E842B7B00E0D6B6 /* Debug */,
				92BD251A2E842B7B00E0D6B6 /* Release */,
			);
			defaultConfigurationIsVisible = 0;
			defaultConfigurationName = Release;
		};
		92BD251B2E842B7B00E0D6B6 /* Build configuration list for PBXNativeTarget "InstagramProjectUITests" */ = {
			isa = XCConfigurationList;
			buildConfigurations = (
				92BD251C2E842B7B00E0D6B6 /* Debug */,
				92BD251D2E842B7B00E0D6B6 /* Release */,
			);
			defaultConfigurationIsVisible = 0;
			defaultConfigurationName = Release;
		};
/* End XCConfigurationList section */

/* Begin XCRemoteSwiftPackageReference section */
		921846452EA16E6C000B4B32 /* XCRemoteSwiftPackageReference "Kingfisher" */ = {
			isa = XCRemoteSwiftPackageReference;
			repositoryURL = "https://github.com/onevcat/Kingfisher.git";
			requirement = {
				kind = upToNextMajorVersion;
				minimumVersion = 8.6.0;
			};
		};
		92AB5A042E8F155E0026753E /* XCRemoteSwiftPackageReference "firebase-ios-sdk" */ = {
			isa = XCRemoteSwiftPackageReference;
			repositoryURL = "https://github.com/firebase/firebase-ios-sdk";
			requirement = {
				kind = upToNextMajorVersion;
				minimumVersion = 12.3.0;
			};
		};
/* End XCRemoteSwiftPackageReference section */

/* Begin XCSwiftPackageProductDependency section */
		9218464A2EA1705F000B4B32 /* Kingfisher */ = {
			isa = XCSwiftPackageProductDependency;
			package = 921846452EA16E6C000B4B32 /* XCRemoteSwiftPackageReference "Kingfisher" */;
			productName = Kingfisher;
		};
		92AB5A052E8F15870026753E /* FirebaseAuth */ = {
			isa = XCSwiftPackageProductDependency;
			package = 92AB5A042E8F155E0026753E /* XCRemoteSwiftPackageReference "firebase-ios-sdk" */;
			productName = FirebaseAuth;
		};
		92AB5A072E8F15870026753E /* FirebaseFirestore */ = {
			isa = XCSwiftPackageProductDependency;
			package = 92AB5A042E8F155E0026753E /* XCRemoteSwiftPackageReference "firebase-ios-sdk" */;
			productName = FirebaseFirestore;
		};
		92AB5A092E8F15870026753E /* FirebaseStorage */ = {
			isa = XCSwiftPackageProductDependency;
			package = 92AB5A042E8F155E0026753E /* XCRemoteSwiftPackageReference "firebase-ios-sdk" */;
			productName = FirebaseStorage;
		};
		92AB5A0B2E8F15870026753E /* FirebaseStorageCombine-Community */ = {
			isa = XCSwiftPackageProductDependency;
			package = 92AB5A042E8F155E0026753E /* XCRemoteSwiftPackageReference "firebase-ios-sdk" */;
			productName = "FirebaseStorageCombine-Community";
		};
/* End XCSwiftPackageProductDependency section */
	};
	rootObject = 92BD24E92E842B7A00E0D6B6 /* Project object */;
}
